
Microsoft Visual Studio Solution File, Format Version 12.00
# Visual Studio Version 16
VisualStudioVersion = 16.0.29409.12
MinimumVisualStudioVersion = 10.0.40219.1
Project("{FAE04EC0-301F-11D3-BF4B-00C04F79EFBC}") = "SalesOrders", "SalesOrders\SalesOrders.csproj", "{FE034CE6-7A35-4B4D-8634-FB7281CFB4F7}"
EndProject
Global
	GlobalSection(SolutionConfigurationPlatforms) = preSolution
		Debug|Any CPU = Debug|Any CPU
		Release|Any CPU = Release|Any CPU
	EndGlobalSection
	GlobalSection(ProjectConfigurationPlatforms) = postSolution
		{FE034CE6-7A35-4B4D-8634-FB7281CFB4F7}.Debug|Any CPU.ActiveCfg = Debug|Any CPU
		{FE034CE6-7A35-4B4D-8634-FB7281CFB4F7}.Debug|Any CPU.Build.0 = Debug|Any CPU
		{FE034CE6-7A35-4B4D-8634-FB7281CFB4F7}.Release|Any CPU.ActiveCfg = Release|Any CPU
		{FE034CE6-7A35-4B4D-8634-FB7281CFB4F7}.Release|Any CPU.Build.0 = Release|Any CPU
	EndGlobalSection
	GlobalSection(SolutionProperties) = preSolution
		HideSolutionNode = FALSE
	EndGlobalSection
	GlobalSection(ExtensibilityGlobals) = postSolution
		SolutionGuid = {939D4A3E-A5D2-47FE-8A28-230269A23370}
	EndGlobalSection
EndGlobal
